
Microsoft Visual Studio Solution File, Format Version 12.00
# Visual Studio Version 16
VisualStudioVersion = 16.0.30413.136
MinimumVisualStudioVersion = 10.0.40219.1
Project("{FAE04EC0-301F-11D3-BF4B-00C04F79EFBC}") = "my_phone", "my_phone\my_phone.csproj", "{20648167-37E3-4ED4-BA59-CF5B9F277C1D}"
EndProject
Global
	GlobalSection(SolutionConfigurationPlatforms) = preSolution
		Debug|Any CPU = Debug|Any CPU
		Release|Any CPU = Release|Any CPU
	EndGlobalSection
	GlobalSection(ProjectConfigurationPlatforms) = postSolution
		{20648167-37E3-4ED4-BA59-CF5B9F277C1D}.Debug|Any CPU.ActiveCfg = Debug|Any CPU
		{20648167-37E3-4ED4-BA59-CF5B9F277C1D}.Debug|Any CPU.Build.0 = Debug|Any CPU
		{20648167-37E3-4ED4-BA59-CF5B9F277C1D}.Release|Any CPU.ActiveCfg = Release|Any CPU
		{20648167-37E3-4ED4-BA59-CF5B9F277C1D}.Release|Any CPU.Build.0 = Release|Any CPU
	EndGlobalSection
	GlobalSection(SolutionProperties) = preSolution
		HideSolutionNode = FALSE
	EndGlobalSection
	GlobalSection(ExtensibilityGlobals) = postSolution
		SolutionGuid = {64FC78E1-856B-466A-8164-DC1C7311E02A}
	EndGlobalSection
EndGlobal
